<?xml version="1.0" encoding="utf-8"?>
<Project ToolsVersion="4.0" xmlns="http://schemas.microsoft.com/developer/msbuild/2003">
  <ItemGroup>
    <Filter Include="Archivos de origen">
      <UniqueIdentifier>{4FC737F1-C7A5-4376-A066-2A32D752A2FF}</UniqueIdentifier>
      <Extensions>cpp;c;cc;cxx;c++;cppm;ixx;def;odl;idl;hpj;bat;asm;asmx</Extensions>
    </Filter>
    <Filter Include="Archivos de encabezado">
      <UniqueIdentifier>{93995380-89BD-4b04-88EB-625FBE52EBFB}</UniqueIdentifier>
      <Extensions>h;hh;hpp;hxx;h++;hm;inl;inc;ipp;xsd</Extensions>
    </Filter>
    <Filter Include="Archivos de recursos">
      <UniqueIdentifier>{67DA6AB6-F800-4c08-8B7A-83BB121AAD01}</UniqueIdentifier>
      <Extensions>rc;ico;cur;bmp;dlg;rc2;rct;bin;rgs;gif;jpg;jpeg;jpe;resx;tiff;tif;png;wav;mfcribbon-ms</Extensions>
    </Filter>
  </ItemGroup>
  <ItemGroup>
    <ClInclude Include="asas.h">
      <Filter>Archivos de encabezado</Filter>
    </ClInclude>
    <ClInclude Include="D:\PUCP\2023-2\LPOO\Proyecto\Model\PagoTarjeta.h">
      <Filter>Archivos de encabezado</Filter>
    </ClInclude>
    <ClInclude Include="D:\PUCP\2023-2\LPOO\Proyecto\Model\PantallaLCD.h">
      <Filter>Archivos de encabezado</Filter>
    </ClInclude>
    <ClInclude Include="D:\PUCP\2023-2\LPOO\Proyecto\Model\Persona.h">
      <Filter>Archivos de encabezado</Filter>
    </ClInclude>
    <ClInclude Include="D:\PUCP\2023-2\LPOO\Proyecto\Model\PropietarioVehiculo.h">
      <Filter>Archivos de encabezado</Filter>
    </ClInclude>
    <ClInclude Include="D:\PUCP\2023-2\LPOO\Proyecto\Model\SensorBarras.h">
      <Filter>Archivos de encabezado</Filter>
    </ClInclude>
    <ClInclude Include="D:\PUCP\2023-2\LPOO\Proyecto\Model\Usuario.h">
      <Filter>Archivos de encabezado</Filter>
    </ClInclude>
    <ClInclude Include="D:\PUCP\2023-2\LPOO\Proyecto\Model\Vascula.h">
      <Filter>Archivos de encabezado</Filter>
    </ClInclude>
    <ClInclude Include="D:\PUCP\2023-2\LPOO\Proyecto\Model\Vehiculo.h">
      <Filter>Archivos de encabezado</Filter>
    </ClInclude>
    <ClInclude Include="D:\PUCP\2023-2\LPOO\Proyecto\Model\BarreraVehicular.h">
      <Filter>Archivos de encabezado</Filter>
    </ClInclude>
    <ClInclude Include="D:\PUCP\2023-2\LPOO\Proyecto\Model\EstacionPesaje.h">
      <Filter>Archivos de encabezado</Filter>
    </ClInclude>
  </ItemGroup>
  <ItemGroup>
    <ClCompile Include="D:\PUCP\2023-2\LPOO\Proyecto\Model\EstacionPesaje.cpp">
      <Filter>Archivos de origen</Filter>
    </ClCompile>
    <ClCompile Include="D:\PUCP\2023-2\LPOO\Proyecto\Model\PagoTarjeta.cpp">
      <Filter>Archivos de origen</Filter>
    </ClCompile>
    <ClCompile Include="D:\PUCP\2023-2\LPOO\Proyecto\Model\PantallaLCD.cpp">
      <Filter>Archivos de origen</Filter>
    </ClCompile>
    <ClCompile Include="D:\PUCP\2023-2\LPOO\Proyecto\Model\Persona.cpp">
      <Filter>Archivos de origen</Filter>
    </ClCompile>
    <ClCompile Include="D:\PUCP\2023-2\LPOO\Proyecto\Model\PropietarioVehiculo.cpp">
      <Filter>Archivos de origen</Filter>
    </ClCompile>
    <ClCompile Include="D:\PUCP\2023-2\LPOO\Proyecto\Model\SensorBarras.cpp">
      <Filter>Archivos de origen</Filter>
    </ClCompile>
    <ClCompile Include="D:\PUCP\2023-2\LPOO\Proyecto\Model\Usuario.cpp">
      <Filter>Archivos de origen</Filter>
    </ClCompile>
    <ClCompile Include="D:\PUCP\2023-2\LPOO\Proyecto\Model\Vascula.cpp">
      <Filter>Archivos de origen</Filter>
    </ClCompile>
    <ClCompile Include="D:\PUCP\2023-2\LPOO\Proyecto\Model\Vehiculo.cpp">
      <Filter>Archivos de origen</Filter>
    </ClCompile>
    <ClCompile Include="D:\PUCP\2023-2\LPOO\Proyecto\Model\BarreraVehicular.cpp">
      <Filter>Archivos de origen</Filter>
    </ClCompile>
  </ItemGroup>
</Project>